
Microsoft Visual Studio Solution File, Format Version 12.00
# Visual Studio 14
VisualStudioVersion = 14.0.25420.1
MinimumVisualStudioVersion = 10.0.40219.1
Project("{FAE04EC0-301F-11D3-BF4B-00C04F79EFBC}") = "AutoFixture.MSTest2", "AutoFixture.MSTest2\AutoFixture.MSTest2.csproj", "{240605C0-84DC-4B01-A79E-1123D20BB25D}"
EndProject
Project("{FAE04EC0-301F-11D3-BF4B-00C04F79EFBC}") = "AutoFixture.MSTest2.UnitTest", "AutoFixture.MSTest2.UnitTest\AutoFixture.MSTest2.UnitTest.csproj", "{67D81234-8589-4E11-85BC-C0C49399A289}"
EndProject
Project("{FAE04EC0-301F-11D3-BF4B-00C04F79EFBC}") = "TestTypeFoundation", "TestTypeFoundation\TestTypeFoundation.csproj", "{7FF65787-F462-4204-BB9D-60B0D1BB6CC1}"
EndProject
Project("{2150E333-8FDC-42A3-9474-1A3956D46DE8}") = "Solution Items", "Solution Items", "{6982EA28-DF64-46DC-AD96-9AE27936E4EF}"
	ProjectSection(SolutionItems) = preProject
		signing.snk = signing.snk
	EndProjectSection
EndProject
Global
	GlobalSection(SolutionConfigurationPlatforms) = preSolution
		Debug|Any CPU = Debug|Any CPU
		Release|Any CPU = Release|Any CPU
		Verify|Any CPU = Verify|Any CPU
	EndGlobalSection
	GlobalSection(ProjectConfigurationPlatforms) = postSolution
		{240605C0-84DC-4B01-A79E-1123D20BB25D}.Debug|Any CPU.ActiveCfg = Debug|Any CPU
		{240605C0-84DC-4B01-A79E-1123D20BB25D}.Debug|Any CPU.Build.0 = Debug|Any CPU
		{240605C0-84DC-4B01-A79E-1123D20BB25D}.Release|Any CPU.ActiveCfg = Release|Any CPU
		{240605C0-84DC-4B01-A79E-1123D20BB25D}.Release|Any CPU.Build.0 = Release|Any CPU
		{240605C0-84DC-4B01-A79E-1123D20BB25D}.Verify|Any CPU.ActiveCfg = Verify|Any CPU
		{240605C0-84DC-4B01-A79E-1123D20BB25D}.Verify|Any CPU.Build.0 = Verify|Any CPU
		{67D81234-8589-4E11-85BC-C0C49399A289}.Debug|Any CPU.ActiveCfg = Debug|Any CPU
		{67D81234-8589-4E11-85BC-C0C49399A289}.Debug|Any CPU.Build.0 = Debug|Any CPU
		{67D81234-8589-4E11-85BC-C0C49399A289}.Release|Any CPU.ActiveCfg = Release|Any CPU
		{67D81234-8589-4E11-85BC-C0C49399A289}.Release|Any CPU.Build.0 = Release|Any CPU
		{67D81234-8589-4E11-85BC-C0C49399A289}.Verify|Any CPU.ActiveCfg = Release|Any CPU
		{67D81234-8589-4E11-85BC-C0C49399A289}.Verify|Any CPU.Build.0 = Release|Any CPU
		{7FF65787-F462-4204-BB9D-60B0D1BB6CC1}.Debug|Any CPU.ActiveCfg = Debug|Any CPU
		{7FF65787-F462-4204-BB9D-60B0D1BB6CC1}.Debug|Any CPU.Build.0 = Debug|Any CPU
		{7FF65787-F462-4204-BB9D-60B0D1BB6CC1}.Release|Any CPU.ActiveCfg = Release|Any CPU
		{7FF65787-F462-4204-BB9D-60B0D1BB6CC1}.Release|Any CPU.Build.0 = Release|Any CPU
		{7FF65787-F462-4204-BB9D-60B0D1BB6CC1}.Verify|Any CPU.ActiveCfg = Release|Any CPU
		{7FF65787-F462-4204-BB9D-60B0D1BB6CC1}.Verify|Any CPU.Build.0 = Release|Any CPU
	EndGlobalSection
	GlobalSection(SolutionProperties) = preSolution
		HideSolutionNode = FALSE
	EndGlobalSection
EndGlobal
